{
	"name": "inject.ts",
	"version": "1.0.16",
	"lockfileVersion": 1,
	"requires": true,
	"dependencies": {
		"@types/eslint-visitor-keys": {
			"version": "1.0.0",
			"resolved": "https://registry.npmjs.org/@types/eslint-visitor-keys/-/eslint-visitor-keys-1.0.0.tgz",
			"integrity": "sha512-OCutwjDZ4aFS6PB1UZ988C4YgwlBHJd6wCeQqaLdmadZ/7e+w79+hbMUFC1QXDNCmdyoRfAFdm0RypzwR+Qpag==",
			"dev": true
		},
		"@types/json-schema": {
			"version": "7.0.3",
			"resolved": "https://registry.npmjs.org/@types/json-schema/-/json-schema-7.0.3.tgz",
			"integrity": "sha512-Il2DtDVRGDcqjDtE+rF8iqg1CArehSK84HZJCT7AMITlyXRBpuPhqGLDQMowraqqu1coEaimg4ZOqggt6L6L+A==",
			"dev": true
		},
		"@types/node": {
			"version": "11.13.20",
			"resolved": "https://registry.npmjs.org/@types/node/-/node-11.13.20.tgz",
			"integrity": "sha512-JE0UpLWZTV1sGcaj0hN+Q0760OEjpgyFJ06DOMVW6qKBducKdJQaIw0TGL6ccj7VXRduIOHLWQi+tHwulZJHVQ==",
			"dev": true
		},
		"@typescript-eslint/eslint-plugin": {
			"version": "2.1.0",
			"resolved": "https://registry.npmjs.org/@typescript-eslint/eslint-plugin/-/eslint-plugin-2.1.0.tgz",
			"integrity": "sha512-3i/dLPwxaVfCsaLu3HkB8CAA1Uw3McAegrTs+VBJ0BrGRKW7nUwSqRfHfCS7sw7zSbf62q3v0v6pOS8MyaYItg==",
			"dev": true,
			"requires": {
				"@typescript-eslint/experimental-utils": "2.1.0",
				"eslint-utils": "^1.4.0",
				"functional-red-black-tree": "^1.0.1",
				"regexpp": "^2.0.1",
				"tsutils": "^3.14.0"
			}
		},
		"@typescript-eslint/experimental-utils": {
			"version": "2.1.0",
			"resolved": "https://registry.npmjs.org/@typescript-eslint/experimental-utils/-/experimental-utils-2.1.0.tgz",
			"integrity": "sha512-ZJGLYXa4nxjNzomaEk1qts38B/vludg2LOM7dRc7SppEKsMPTS1swaTKS/pom+x4d/luJGoG00BDIss7PR1NQA==",
			"dev": true,
			"requires": {
				"@types/json-schema": "^7.0.3",
				"@typescript-eslint/typescript-estree": "2.1.0",
				"eslint-scope": "^4.0.0"
			}
		},
		"@typescript-eslint/parser": {
			"version": "2.1.0",
			"resolved": "https://registry.npmjs.org/@typescript-eslint/parser/-/parser-2.1.0.tgz",
			"integrity": "sha512-0+hzirRJoqE1T4lSSvCfKD+kWjIpDWfbGBiisK5CENcr+22pPkHB2sfV1giON+UxHV4A08SSrQonZk7X2zIQdw==",
			"dev": true,
			"requires": {
				"@types/eslint-visitor-keys": "^1.0.0",
				"@typescript-eslint/experimental-utils": "2.1.0",
				"@typescript-eslint/typescript-estree": "2.1.0",
				"eslint-visitor-keys": "^1.0.0"
			}
		},
		"@typescript-eslint/typescript-estree": {
			"version": "2.1.0",
			"resolved": "https://registry.npmjs.org/@typescript-eslint/typescript-estree/-/typescript-estree-2.1.0.tgz",
			"integrity": "sha512-482ErJJ7QYghBh+KA9G+Fwcuk/PLTy+9NBMz8S+6UFrUUnVvHRNAL7I70kdws2te0FBYEZW7pkDaXoT+y8UARw==",
			"dev": true,
			"requires": {
				"glob": "^7.1.4",
				"is-glob": "^4.0.1",
				"lodash.unescape": "4.0.1",
				"semver": "^6.2.0"
			}
		},
		"arg": {
			"version": "4.1.1",
			"resolved": "https://registry.npmjs.org/arg/-/arg-4.1.1.tgz",
			"integrity": "sha512-SlmP3fEA88MBv0PypnXZ8ZfJhwmDeIE3SP71j37AiXQBXYosPV0x6uISAaHYSlSVhmHOVkomen0tbGk6Anlebw==",
			"dev": true
		},
		"balanced-match": {
			"version": "1.0.0",
			"resolved": "https://registry.npmjs.org/balanced-match/-/balanced-match-1.0.0.tgz",
			"integrity": "sha1-ibTRmasr7kneFk6gK4nORi1xt2c="
		},
		"brace-expansion": {
			"version": "1.1.11",
			"resolved": "https://registry.npmjs.org/brace-expansion/-/brace-expansion-1.1.11.tgz",
			"integrity": "sha512-iCuPHDFgrHX7H2vEI/5xpz07zSHB00TpugqhmYtVmMO6518mCuRMoOYFldEBl0g187ufozdaHgWKcYFb61qGiA==",
			"requires": {
				"balanced-match": "^1.0.0",
				"concat-map": "0.0.1"
			}
		},
		"buffer-from": {
			"version": "1.1.1",
			"resolved": "https://registry.npmjs.org/buffer-from/-/buffer-from-1.1.1.tgz",
			"integrity": "sha512-MQcXEUbCKtEo7bhqEs6560Hyd4XaovZlO/k9V3hjVUF/zwW7KBVdSK4gIt/bzwS9MbR5qob+F5jusZsb0YQK2A==",
			"dev": true
		},
		"concat-map": {
			"version": "0.0.1",
			"resolved": "https://registry.npmjs.org/concat-map/-/concat-map-0.0.1.tgz",
			"integrity": "sha1-2Klr13/Wjfd5OnMDajug1UBdR3s="
		},
		"diff": {
			"version": "4.0.1",
			"resolved": "https://registry.npmjs.org/diff/-/diff-4.0.1.tgz",
			"integrity": "sha512-s2+XdvhPCOF01LRQBC8hf4vhbVmI2CGS5aZnxLJlT5FtdhPCDFq80q++zK2KlrVorVDdL5BOGZ/VfLrVtYNF+Q==",
			"dev": true
		},
		"eslint-config-typescript": {
			"version": "git+https://git@github.com/anzerr/eslint-config-typescript.git#4fbc2b678676672d864a9f9df7a10af913efda39",
			"from": "git+https://git@github.com/anzerr/eslint-config-typescript.git",
			"dev": true,
			"requires": {
				"@typescript-eslint/eslint-plugin": "^2.0.0",
				"@typescript-eslint/parser": "^2.0.0"
			},
			"dependencies": {
				"acorn": {
					"version": "7.1.0",
					"resolved": "https://registry.npmjs.org/acorn/-/acorn-7.1.0.tgz",
					"integrity": "sha512-kL5CuoXA/dgxlBbVrflsflzQ3PAas7RYZB52NOm/6839iVYJgKMJ3cQJD+t2i5+qFa8h3MDpEOJiS64E8JLnSQ=="
				},
				"acorn-jsx": {
					"version": "5.1.0",
					"resolved": "https://registry.npmjs.org/acorn-jsx/-/acorn-jsx-5.1.0.tgz",
					"integrity": "sha512-tMUqwBWfLFbJbizRmEcWSLw6HnFzfdJs2sOJEOwwtVPMoH/0Ay+E703oZz78VSXZiiDcZrQ5XKjPIUQixhmgVw=="
				},
				"ansi-escapes": {
					"version": "4.3.0",
					"resolved": "https://registry.npmjs.org/ansi-escapes/-/ansi-escapes-4.3.0.tgz",
					"integrity": "sha512-EiYhwo0v255HUL6eDyuLrXEkTi7WwVCLAw+SeOQ7M7qdun1z1pum4DEm/nuqIVbPvi9RPPc9k9LbyBv6H0DwVg==",
					"requires": {
						"type-fest": "^0.8.1"
					}
				},
				"ansi-regex": {
					"version": "5.0.0",
					"resolved": "https://registry.npmjs.org/ansi-regex/-/ansi-regex-5.0.0.tgz",
					"integrity": "sha512-bY6fj56OUQ0hU1KjFNDQuJFezqKdrAyFdIevADiqrWHwSlbmBNMHp5ak2f40Pm8JTFyM2mqxkG6ngkHO11f/lg=="
				},
				"cli-cursor": {
					"version": "3.1.0",
					"resolved": "https://registry.npmjs.org/cli-cursor/-/cli-cursor-3.1.0.tgz",
					"integrity": "sha512-I/zHAwsKf9FqGoXM4WWRACob9+SNukZTd94DWF57E4toouRulbCxcUh6RKUEOQlYTHJnzkPMySvPNaaSLNfLZw==",
					"requires": {
						"restore-cursor": "^3.1.0"
					}
				},
				"emoji-regex": {
					"version": "8.0.0",
					"resolved": "https://registry.npmjs.org/emoji-regex/-/emoji-regex-8.0.0.tgz",
					"integrity": "sha512-MSjYzcWNOA0ewAHpz0MxpYFvwg6yjy1NG3xteoqz644VCo/RPgnr1/GGt+ic3iJTzQ8Eu3TdM14SawnVUmGE6A=="
				},
				"eslint-config-basic": {
					"version": "git+https://git@github.com/anzerr/eslintrc.git#662a1a8eb5dd4de871042dc2f64d43c5027184fd",
					"from": "git+https://git@github.com/anzerr/eslintrc.git#662a1a8eb5dd4de871042dc2f64d43c5027184fd",
					"requires": {
						"eslint": "^6.1.0"
					},
					"dependencies": {
						"eslint": {
							"version": "6.8.0",
							"resolved": "https://registry.npmjs.org/eslint/-/eslint-6.8.0.tgz",
							"integrity": "sha512-K+Iayyo2LtyYhDSYwz5D5QdWw0hCacNzyq1Y821Xna2xSJj7cijoLLYmLxTQgcgZ9mC61nryMy9S7GRbYpI5Ig==",
							"requires": {
								"@babel/code-frame": "^7.0.0",
								"ajv": "^6.10.0",
								"chalk": "^2.1.0",
								"cross-spawn": "^6.0.5",
								"debug": "^4.0.1",
								"doctrine": "^3.0.0",
								"eslint-scope": "^5.0.0",
								"eslint-utils": "^1.4.3",
								"eslint-visitor-keys": "^1.1.0",
								"espree": "^6.1.2",
								"esquery": "^1.0.1",
								"esutils": "^2.0.2",
								"file-entry-cache": "^5.0.1",
								"functional-red-black-tree": "^1.0.1",
								"glob-parent": "^5.0.0",
								"globals": "^12.1.0",
								"ignore": "^4.0.6",
								"import-fresh": "^3.0.0",
								"imurmurhash": "^0.1.4",
								"inquirer": "^7.0.0",
								"is-glob": "^4.0.0",
								"js-yaml": "^3.13.1",
								"json-stable-stringify-without-jsonify": "^1.0.1",
								"levn": "^0.3.0",
								"lodash": "^4.17.14",
								"minimatch": "^3.0.4",
								"mkdirp": "^0.5.1",
								"natural-compare": "^1.4.0",
								"optionator": "^0.8.3",
								"progress": "^2.0.0",
								"regexpp": "^2.0.1",
								"semver": "^6.1.2",
								"strip-ansi": "^5.2.0",
								"strip-json-comments": "^3.0.1",
								"table": "^5.2.3",
								"text-table": "^0.2.0",
								"v8-compile-cache": "^2.0.3"
							}
						}
					}
				},
				"eslint-scope": {
					"version": "5.0.0",
					"resolved": "https://registry.npmjs.org/eslint-scope/-/eslint-scope-5.0.0.tgz",
					"integrity": "sha512-oYrhJW7S0bxAFDvWqzvMPRm6pcgcnWc4QnofCAqRTRfQC0JcwenzGglTtsLyIuuWFfkqDG9vz67cnttSd53djw==",
					"requires": {
						"esrecurse": "^4.1.0",
						"estraverse": "^4.1.1"
					}
				},
				"eslint-utils": {
					"version": "1.4.3",
					"resolved": "https://registry.npmjs.org/eslint-utils/-/eslint-utils-1.4.3.tgz",
					"integrity": "sha512-fbBN5W2xdY45KulGXmLHZ3c3FHfVYmKg0IrAKGOkT/464PQsx2UeIzfz1RmEci+KLm1bBaAzZAh8+/E+XAeZ8Q==",
					"requires": {
						"eslint-visitor-keys": "^1.1.0"
					}
				},
				"espree": {
					"version": "6.1.2",
					"resolved": "https://registry.npmjs.org/espree/-/espree-6.1.2.tgz",
					"integrity": "sha512-2iUPuuPP+yW1PZaMSDM9eyVf8D5P0Hi8h83YtZ5bPc/zHYjII5khoixIUTMO794NOY8F/ThF1Bo8ncZILarUTA==",
					"requires": {
						"acorn": "^7.1.0",
						"acorn-jsx": "^5.1.0",
						"eslint-visitor-keys": "^1.1.0"
					}
				},
				"figures": {
					"version": "3.1.0",
					"resolved": "https://registry.npmjs.org/figures/-/figures-3.1.0.tgz",
					"integrity": "sha512-ravh8VRXqHuMvZt/d8GblBeqDMkdJMBdv/2KntFH+ra5MXkO7nxNKpzQ3n6QD/2da1kH0aWmNISdvhM7gl2gVg==",
					"requires": {
						"escape-string-regexp": "^1.0.5"
					}
				},
				"globals": {
					"version": "12.3.0",
					"resolved": "https://registry.npmjs.org/globals/-/globals-12.3.0.tgz",
					"integrity": "sha512-wAfjdLgFsPZsklLJvOBUBmzYE8/CwhEqSBEMRXA3qxIiNtyqvjYurAtIfDh6chlEPUfmTY3MnZh5Hfh4q0UlIw==",
					"requires": {
						"type-fest": "^0.8.1"
					}
				},
				"inquirer": {
					"version": "7.0.4",
					"resolved": "https://registry.npmjs.org/inquirer/-/inquirer-7.0.4.tgz",
					"integrity": "sha512-Bu5Td5+j11sCkqfqmUTiwv+tWisMtP0L7Q8WrqA2C/BbBhy1YTdFrvjjlrKq8oagA/tLQBski2Gcx/Sqyi2qSQ==",
					"requires": {
						"ansi-escapes": "^4.2.1",
						"chalk": "^2.4.2",
						"cli-cursor": "^3.1.0",
						"cli-width": "^2.0.0",
						"external-editor": "^3.0.3",
						"figures": "^3.0.0",
						"lodash": "^4.17.15",
						"mute-stream": "0.0.8",
						"run-async": "^2.2.0",
						"rxjs": "^6.5.3",
						"string-width": "^4.1.0",
						"strip-ansi": "^5.1.0",
						"through": "^2.3.6"
					}
				},
				"is-fullwidth-code-point": {
					"version": "3.0.0",
					"resolved": "https://registry.npmjs.org/is-fullwidth-code-point/-/is-fullwidth-code-point-3.0.0.tgz",
					"integrity": "sha512-zymm5+u+sCsSWyD9qNaejV3DFvhCKclKdizYaJUuHA83RLjb7nSuGnddCHGv0hk+KY7BMAlsWeK4Ueg6EV6XQg=="
				},
				"mimic-fn": {
					"version": "2.1.0",
					"resolved": "https://registry.npmjs.org/mimic-fn/-/mimic-fn-2.1.0.tgz",
					"integrity": "sha512-OqbOk5oEQeAZ8WXWydlu9HJjz9WVdEIvamMCcXmuqUYjTknH/sqsWvhQ3vgwKFRR1HpjvNBKQ37nbJgYzGqGcg=="
				},
				"mute-stream": {
					"version": "0.0.8",
					"resolved": "https://registry.npmjs.org/mute-stream/-/mute-stream-0.0.8.tgz",
					"integrity": "sha512-nnbWWOkoWyUsTjKrhgD0dcz22mdkSnpYqbEjIm2nhwhuxlSkpywJmBo8h0ZqJdkp73mb90SssHkN4rsRaBAfAA=="
				},
				"onetime": {
					"version": "5.1.0",
					"resolved": "https://registry.npmjs.org/onetime/-/onetime-5.1.0.tgz",
					"integrity": "sha512-5NcSkPHhwTVFIQN+TUqXoS5+dlElHXdpAWu9I0HP20YOtIi+aZ0Ct82jdlILDxjLEAWwvm+qj1m6aEtsDVmm6Q==",
					"requires": {
						"mimic-fn": "^2.1.0"
					}
				},
				"optionator": {
					"version": "0.8.3",
					"resolved": "https://registry.npmjs.org/optionator/-/optionator-0.8.3.tgz",
					"integrity": "sha512-+IW9pACdk3XWmmTXG8m3upGUJst5XRGzxMRjXzAuJ1XnIFNvfhjjIuYkDvysnPQ7qzqVzLt78BCruntqRhWQbA==",
					"requires": {
						"deep-is": "~0.1.3",
						"fast-levenshtein": "~2.0.6",
						"levn": "~0.3.0",
						"prelude-ls": "~1.1.2",
						"type-check": "~0.3.2",
						"word-wrap": "~1.2.3"
					}
				},
				"restore-cursor": {
					"version": "3.1.0",
					"resolved": "https://registry.npmjs.org/restore-cursor/-/restore-cursor-3.1.0.tgz",
					"integrity": "sha512-l+sSefzHpj5qimhFSE5a8nufZYAM3sBSVMAPtYkmC+4EH2anSGaEMXSD0izRQbu9nfyQ9y5JrVmp7E8oZrUjvA==",
					"requires": {
						"onetime": "^5.1.0",
						"signal-exit": "^3.0.2"
					}
				},
				"string-width": {
					"version": "4.2.0",
					"resolved": "https://registry.npmjs.org/string-width/-/string-width-4.2.0.tgz",
					"integrity": "sha512-zUz5JD+tgqtuDjMhwIg5uFVV3dtqZ9yQJlZVfq4I01/K5Paj5UHj7VyrQOJvzawSVlKpObApbfD0Ed6yJc+1eg==",
					"requires": {
						"emoji-regex": "^8.0.0",
						"is-fullwidth-code-point": "^3.0.0",
						"strip-ansi": "^6.0.0"
					},
					"dependencies": {
						"strip-ansi": {
							"version": "6.0.0",
							"resolved": "https://registry.npmjs.org/strip-ansi/-/strip-ansi-6.0.0.tgz",
							"integrity": "sha512-AuvKTrTfQNYNIctbR1K/YGTR1756GycPsg7b9bdV9Duqur4gv6aKqHXah67Z8ImS7WEz5QVcOtlfW2rZEugt6w==",
							"requires": {
								"ansi-regex": "^5.0.0"
							}
						}
					}
				},
				"strip-ansi": {
					"version": "5.2.0",
					"resolved": "https://registry.npmjs.org/strip-ansi/-/strip-ansi-5.2.0.tgz",
					"integrity": "sha512-DuRs1gKbBqsMKIZlrffwlug8MHkcnpjs5VPmL1PAh+mA30U0DTotfDZ0d2UUsXpPmPmMMJ6W773MaA3J+lbiWA==",
					"requires": {
						"ansi-regex": "^4.1.0"
					},
					"dependencies": {
						"ansi-regex": {
							"version": "4.1.0",
							"resolved": "https://registry.npmjs.org/ansi-regex/-/ansi-regex-4.1.0.tgz",
							"integrity": "sha512-1apePfXM1UOSqw0o9IiFAovVz9M5S1Dg+4TrDwfMewQ6p/rmMueb7tWZjQ1rx4Loy1ArBggoqGpfqqdI4rondg=="
						}
					}
				},
				"strip-json-comments": {
					"version": "3.0.1",
					"resolved": "https://registry.npmjs.org/strip-json-comments/-/strip-json-comments-3.0.1.tgz",
					"integrity": "sha512-VTyMAUfdm047mwKl+u79WIdrZxtFtn+nBxHeb844XBQ9uMNTuTHdx2hc5RiAJYqwTj3wc/xe5HLSdJSkJ+WfZw=="
				}
			}
		},
		"eslint-scope": {
			"version": "4.0.3",
			"resolved": "https://registry.npmjs.org/eslint-scope/-/eslint-scope-4.0.3.tgz",
			"integrity": "sha512-p7VutNr1O/QrxysMo3E45FjYDTeXBy0iTltPFNSqKAIfjDSXC+4dj+qfyuD8bfAXrW/y6lW3O76VaYNPKfpKrg==",
			"dev": true,
			"requires": {
				"esrecurse": "^4.1.0",
				"estraverse": "^4.1.1"
			}
		},
		"eslint-utils": {
			"version": "1.4.2",
			"resolved": "https://registry.npmjs.org/eslint-utils/-/eslint-utils-1.4.2.tgz",
			"integrity": "sha512-eAZS2sEUMlIeCjBeubdj45dmBHQwPHWyBcT1VSYB7o9x9WRRqKxyUoiXlRjyAwzN7YEzHJlYg0NmzDRWx6GP4Q==",
			"dev": true,
			"requires": {
				"eslint-visitor-keys": "^1.0.0"
			}
		},
		"eslint-visitor-keys": {
			"version": "1.1.0",
			"resolved": "https://registry.npmjs.org/eslint-visitor-keys/-/eslint-visitor-keys-1.1.0.tgz",
			"integrity": "sha512-8y9YjtM1JBJU/A9Kc+SbaOV4y29sSWckBwMHa+FGtVj5gN/sbnKDf6xJUl+8g7FAij9LVaP8C24DUiH/f/2Z9A=="
		},
		"esrecurse": {
			"version": "4.2.1",
			"resolved": "https://registry.npmjs.org/esrecurse/-/esrecurse-4.2.1.tgz",
			"integrity": "sha512-64RBB++fIOAXPw3P9cy89qfMlvZEXZkqqJkjqqXIvzP5ezRZjW+lPWjw35UX/3EhUPFYbg5ER4JYgDw4007/DQ==",
			"requires": {
				"estraverse": "^4.1.0"
			}
		},
		"estraverse": {
			"version": "4.3.0",
			"resolved": "https://registry.npmjs.org/estraverse/-/estraverse-4.3.0.tgz",
			"integrity": "sha512-39nnKffWz8xN1BU/2c79n9nB9HDzo0niYUqx6xyqUnyoAnQyyWpOTdZEeiCch8BBu515t4wp9ZmgVfVhn9EBpw=="
		},
		"fs.realpath": {
			"version": "1.0.0",
			"resolved": "https://registry.npmjs.org/fs.realpath/-/fs.realpath-1.0.0.tgz",
			"integrity": "sha1-FQStJSMVjKpA20onh8sBQRmU6k8=",
			"dev": true
		},
		"functional-red-black-tree": {
			"version": "1.0.1",
			"resolved": "https://registry.npmjs.org/functional-red-black-tree/-/functional-red-black-tree-1.0.1.tgz",
			"integrity": "sha1-GwqzvVU7Kg1jmdKcDj6gslIHgyc="
		},
		"glob": {
			"version": "7.1.4",
			"resolved": "https://registry.npmjs.org/glob/-/glob-7.1.4.tgz",
			"integrity": "sha512-hkLPepehmnKk41pUGm3sYxoFs/umurYfYJCerbXEyFIWcAzvpipAgVkBqqT9RBKMGjnq6kMuyYwha6csxbiM1A==",
			"dev": true,
			"requires": {
				"fs.realpath": "^1.0.0",
				"inflight": "^1.0.4",
				"inherits": "2",
				"minimatch": "^3.0.4",
				"once": "^1.3.0",
				"path-is-absolute": "^1.0.0"
			}
		},
		"inflight": {
			"version": "1.0.6",
			"resolved": "https://registry.npmjs.org/inflight/-/inflight-1.0.6.tgz",
			"integrity": "sha1-Sb1jMdfQLQwJvJEKEHW6gWW1bfk=",
			"dev": true,
			"requires": {
				"once": "^1.3.0",
				"wrappy": "1"
			}
		},
		"inherits": {
			"version": "2.0.4",
			"resolved": "https://registry.npmjs.org/inherits/-/inherits-2.0.4.tgz",
			"integrity": "sha512-k/vGaX4/Yla3WzyMCvTQOXYeIHvqOKtnqBduzTHpzpQZzAskKMhZ2K+EnBiSM9zGSoIFeMpXKxa4dYeZIQqewQ==",
			"dev": true
		},
		"is-extglob": {
			"version": "2.1.1",
			"resolved": "https://registry.npmjs.org/is-extglob/-/is-extglob-2.1.1.tgz",
			"integrity": "sha1-qIwCU1eR8C7TfHahueqXc8gz+MI="
		},
		"is-glob": {
			"version": "4.0.1",
			"resolved": "https://registry.npmjs.org/is-glob/-/is-glob-4.0.1.tgz",
			"integrity": "sha512-5G0tKtBTFImOqDnLB2hG6Bp2qcKEFduo4tZu9MT/H6NQv/ghhy30o55ufafxJ/LdH79LLs2Kfrn85TLKyA7BUg==",
			"requires": {
				"is-extglob": "^2.1.1"
			}
		},
		"lodash.unescape": {
			"version": "4.0.1",
			"resolved": "https://registry.npmjs.org/lodash.unescape/-/lodash.unescape-4.0.1.tgz",
			"integrity": "sha1-vyJJiGzlFM2hEvrpIYzcBlIR/Jw=",
			"dev": true
		},
		"make-error": {
			"version": "1.3.5",
			"resolved": "https://registry.npmjs.org/make-error/-/make-error-1.3.5.tgz",
			"integrity": "sha512-c3sIjNUow0+8swNwVpqoH4YCShKNFkMaw6oH1mNS2haDZQqkeZFlHS3dhoeEbKKmJB4vXpJucU6oH75aDYeE9g==",
			"dev": true
		},
		"minimatch": {
			"version": "3.0.4",
			"resolved": "https://registry.npmjs.org/minimatch/-/minimatch-3.0.4.tgz",
			"integrity": "sha512-yJHVQEhyqPLUTgt9B83PXu6W3rx4MvvHvSUvToogpwoGDOUQ+yDrR0HRot+yOCdCO7u4hX3pWft6kWBBcqh0UA==",
			"requires": {
				"brace-expansion": "^1.1.7"
			}
		},
		"once": {
			"version": "1.4.0",
			"resolved": "https://registry.npmjs.org/once/-/once-1.4.0.tgz",
			"integrity": "sha1-WDsap3WWHUsROsF9nFC6753Xa9E=",
			"dev": true,
			"requires": {
				"wrappy": "1"
			}
		},
		"path-is-absolute": {
			"version": "1.0.1",
			"resolved": "https://registry.npmjs.org/path-is-absolute/-/path-is-absolute-1.0.1.tgz",
			"integrity": "sha1-F0uSaHNVNP+8es5r9TpanhtcX18=",
			"dev": true
		},
		"reflect-metadata": {
			"version": "0.1.13",
			"resolved": "https://registry.npmjs.org/reflect-metadata/-/reflect-metadata-0.1.13.tgz",
			"integrity": "sha512-Ts1Y/anZELhSsjMcU605fU9RE4Oi3p5ORujwbIKXfWa+0Zxs510Qrmrce5/Jowq3cHSZSJqBjypxmHarc+vEWg=="
		},
		"regexpp": {
			"version": "2.0.1",
			"resolved": "https://registry.npmjs.org/regexpp/-/regexpp-2.0.1.tgz",
			"integrity": "sha512-lv0M6+TkDVniA3aD1Eg0DVpfU/booSu7Eev3TDO/mZKHBfVjgCGTV4t4buppESEYDtkArYFOxTJWv6S5C+iaNw=="
		},
		"semver": {
			"version": "6.3.0",
			"resolved": "https://registry.npmjs.org/semver/-/semver-6.3.0.tgz",
			"integrity": "sha512-b39TBaTSfV6yBrapU89p5fKekE2m/NwnDocOVruQFS1/veMgdzuPcnOM34M6CwxW8jH/lxEa5rBoDeUwu5HHTw=="
		},
		"source-map": {
			"version": "0.6.1",
			"resolved": "https://registry.npmjs.org/source-map/-/source-map-0.6.1.tgz",
			"integrity": "sha512-UjgapumWlbMhkBgzT7Ykc5YXUT46F0iKu8SGXq0bcwP5dz/h0Plj6enJqjz1Zbq2l5WaqYnrVbwWOWMyF3F47g==",
			"dev": true
		},
		"source-map-support": {
			"version": "0.5.13",
			"resolved": "https://registry.npmjs.org/source-map-support/-/source-map-support-0.5.13.tgz",
			"integrity": "sha512-SHSKFHadjVA5oR4PPqhtAVdcBWwRYVd6g6cAXnIbRiIwc2EhPrTuKUBdSLvlEKyIP3GCf89fltvcZiP9MMFA1w==",
			"dev": true,
			"requires": {
				"buffer-from": "^1.0.0",
				"source-map": "^0.6.0"
			}
		},
		"ts-node": {
			"version": "8.3.0",
			"resolved": "https://registry.npmjs.org/ts-node/-/ts-node-8.3.0.tgz",
			"integrity": "sha512-dyNS/RqyVTDcmNM4NIBAeDMpsAdaQ+ojdf0GOLqE6nwJOgzEkdRNzJywhDfwnuvB10oa6NLVG1rUJQCpRN7qoQ==",
			"dev": true,
			"requires": {
				"arg": "^4.1.0",
				"diff": "^4.0.1",
				"make-error": "^1.1.1",
				"source-map-support": "^0.5.6",
				"yn": "^3.0.0"
			}
		},
		"tslib": {
			"version": "1.10.0",
			"resolved": "https://registry.npmjs.org/tslib/-/tslib-1.10.0.tgz",
			"integrity": "sha512-qOebF53frne81cf0S9B41ByenJ3/IuH8yJKngAX35CmiZySA0khhkovshKK+jGCaMnVomla7gVlIcc3EvKPbTQ==",
			"dev": true
		},
		"tsutils": {
			"version": "3.17.1",
			"resolved": "https://registry.npmjs.org/tsutils/-/tsutils-3.17.1.tgz",
			"integrity": "sha512-kzeQ5B8H3w60nFY2g8cJIuH7JDpsALXySGtwGJ0p2LSjLgay3NdIpqq5SoOBe46bKDW2iq25irHCr8wjomUS2g==",
			"dev": true,
			"requires": {
				"tslib": "^1.8.1"
			}
		},
		"typescript": {
			"version": "3.6.2",
			"resolved": "https://registry.npmjs.org/typescript/-/typescript-3.6.2.tgz",
			"integrity": "sha512-lmQ4L+J6mnu3xweP8+rOrUwzmN+MRAj7TgtJtDaXE5PMyX2kCrklhg3rvOsOIfNeAWMQWO2F1GPc1kMD2vLAfw==",
			"dev": true
		},
		"wrappy": {
			"version": "1.0.2",
			"resolved": "https://registry.npmjs.org/wrappy/-/wrappy-1.0.2.tgz",
			"integrity": "sha1-tSQ9jz7BqjXxNkYFvA0QNuMKtp8=",
			"dev": true
		},
		"yn": {
			"version": "3.1.1",
			"resolved": "https://registry.npmjs.org/yn/-/yn-3.1.1.tgz",
			"integrity": "sha512-Ux4ygGWsu2c7isFWe8Yu1YluJmqVhxqK2cLXNQA5AcC3QfbGNpM7fu0Y8b/z16pXLnFxZYvWhd3fhBY9DLmC6Q==",
			"dev": true
		}
	}
}
